
Microsoft Visual Studio Solution File, Format Version 12.00
# Visual Studio Version 17
VisualStudioVersion = 17.8.34309.116
MinimumVisualStudioVersion = 10.0.40219.1
Project("{FAE04EC0-301F-11D3-BF4B-00C04F79EFBC}") = "ExcelBattle", "ExcelBattle.csproj", "{AE6FFB8F-1018-4B89-BEE4-E63F7AAF3ED0}"
EndProject
Global
	GlobalSection(SolutionConfigurationPlatforms) = preSolution
		Debug|Any CPU = Debug|Any CPU
		Release|Any CPU = Release|Any CPU
	EndGlobalSection
	GlobalSection(ProjectConfigurationPlatforms) = postSolution
		{AE6FFB8F-1018-4B89-BEE4-E63F7AAF3ED0}.Debug|Any CPU.ActiveCfg = Debug|Any CPU
		{AE6FFB8F-1018-4B89-BEE4-E63F7AAF3ED0}.Debug|Any CPU.Build.0 = Debug|Any CPU
		{AE6FFB8F-1018-4B89-BEE4-E63F7AAF3ED0}.Release|Any CPU.ActiveCfg = Release|Any CPU
		{AE6FFB8F-1018-4B89-BEE4-E63F7AAF3ED0}.Release|Any CPU.Build.0 = Release|Any CPU
	EndGlobalSection
	GlobalSection(SolutionProperties) = preSolution
		HideSolutionNode = FALSE
	EndGlobalSection
	GlobalSection(ExtensibilityGlobals) = postSolution
		SolutionGuid = {82B8DEC4-34AF-4FA3-95F1-AEA43FA4D22E}
	EndGlobalSection
EndGlobal
